
Microsoft Visual Studio Solution File, Format Version 12.00
# Visual Studio Version 16
VisualStudioVersion = 16.0.31515.178
MinimumVisualStudioVersion = 10.0.40219.1
Project("{FAE04EC0-301F-11D3-BF4B-00C04F79EFBC}") = "AvisFormation.WebUi", "AvisFormation.WebUi\AvisFormation.WebUi.csproj", "{01E54412-B86E-41C1-80E4-9564BEEE28F8}"
EndProject
Project("{FAE04EC0-301F-11D3-BF4B-00C04F79EFBC}") = "AvisFormation.Data", "AvisFormation.Data\AvisFormation.Data.csproj", "{721132F9-6D64-4F4A-82CA-DB88AA6ACE2C}"
EndProject
Project("{FAE04EC0-301F-11D3-BF4B-00C04F79EFBC}") = "AvisFormation.Logic", "AvisFormation.Logic\AvisFormation.Logic.csproj", "{D5B8B9A4-7CA5-4BB3-A282-CABC1D7B5B73}"
EndProject
Global
	GlobalSection(SolutionConfigurationPlatforms) = preSolution
		Debug|Any CPU = Debug|Any CPU
		Release|Any CPU = Release|Any CPU
	EndGlobalSection
	GlobalSection(ProjectConfigurationPlatforms) = postSolution
		{01E54412-B86E-41C1-80E4-9564BEEE28F8}.Debug|Any CPU.ActiveCfg = Debug|Any CPU
		{01E54412-B86E-41C1-80E4-9564BEEE28F8}.Debug|Any CPU.Build.0 = Debug|Any CPU
		{01E54412-B86E-41C1-80E4-9564BEEE28F8}.Release|Any CPU.ActiveCfg = Release|Any CPU
		{01E54412-B86E-41C1-80E4-9564BEEE28F8}.Release|Any CPU.Build.0 = Release|Any CPU
		{721132F9-6D64-4F4A-82CA-DB88AA6ACE2C}.Debug|Any CPU.ActiveCfg = Debug|Any CPU
		{721132F9-6D64-4F4A-82CA-DB88AA6ACE2C}.Debug|Any CPU.Build.0 = Debug|Any CPU
		{721132F9-6D64-4F4A-82CA-DB88AA6ACE2C}.Release|Any CPU.ActiveCfg = Release|Any CPU
		{721132F9-6D64-4F4A-82CA-DB88AA6ACE2C}.Release|Any CPU.Build.0 = Release|Any CPU
		{D5B8B9A4-7CA5-4BB3-A282-CABC1D7B5B73}.Debug|Any CPU.ActiveCfg = Debug|Any CPU
		{D5B8B9A4-7CA5-4BB3-A282-CABC1D7B5B73}.Debug|Any CPU.Build.0 = Debug|Any CPU
		{D5B8B9A4-7CA5-4BB3-A282-CABC1D7B5B73}.Release|Any CPU.ActiveCfg = Release|Any CPU
		{D5B8B9A4-7CA5-4BB3-A282-CABC1D7B5B73}.Release|Any CPU.Build.0 = Release|Any CPU
	EndGlobalSection
	GlobalSection(SolutionProperties) = preSolution
		HideSolutionNode = FALSE
	EndGlobalSection
	GlobalSection(ExtensibilityGlobals) = postSolution
		SolutionGuid = {E408532D-F668-4F84-AC5F-160F96D229B1}
	EndGlobalSection
EndGlobal
